
Microsoft Visual Studio Solution File, Format Version 12.00
# Visual Studio Version 17
VisualStudioVersion = 17.3.32929.385
MinimumVisualStudioVersion = 10.0.40219.1
Project("{FAE04EC0-301F-11D3-BF4B-00C04F79EFBC}") = "DotNetTask", "DotNetTask\DotNetTask.csproj", "{B54BFD3A-0A76-4FE1-8D4C-82CCEDCE61E7}"
EndProject
Global
	GlobalSection(SolutionConfigurationPlatforms) = preSolution
		Debug|Any CPU = Debug|Any CPU
		Release|Any CPU = Release|Any CPU
	EndGlobalSection
	GlobalSection(ProjectConfigurationPlatforms) = postSolution
		{B54BFD3A-0A76-4FE1-8D4C-82CCEDCE61E7}.Debug|Any CPU.ActiveCfg = Debug|Any CPU
		{B54BFD3A-0A76-4FE1-8D4C-82CCEDCE61E7}.Debug|Any CPU.Build.0 = Debug|Any CPU
		{B54BFD3A-0A76-4FE1-8D4C-82CCEDCE61E7}.Release|Any CPU.ActiveCfg = Release|Any CPU
		{B54BFD3A-0A76-4FE1-8D4C-82CCEDCE61E7}.Release|Any CPU.Build.0 = Release|Any CPU
	EndGlobalSection
	GlobalSection(SolutionProperties) = preSolution
		HideSolutionNode = FALSE
	EndGlobalSection
	GlobalSection(ExtensibilityGlobals) = postSolution
		SolutionGuid = {2C22A7D6-7399-4084-8DC5-87E07BF4D3DC}
	EndGlobalSection
EndGlobal
